
Microsoft Visual Studio Solution File, Format Version 12.00
# Visual Studio Version 16
VisualStudioVersion = 16.0.30011.22
MinimumVisualStudioVersion = 10.0.40219.1
Project("{FAE04EC0-301F-11D3-BF4B-00C04F79EFBC}") = "WEB_API_CUBO_PUBSDB", "WEB_API_CUBO_PUBSDB\WEB_API_CUBO_PUBSDB.csproj", "{47ECD8EC-C6B2-45F4-92B8-05E9FA12D2BE}"
EndProject
Global
	GlobalSection(SolutionConfigurationPlatforms) = preSolution
		Debug|Any CPU = Debug|Any CPU
		Release|Any CPU = Release|Any CPU
	EndGlobalSection
	GlobalSection(ProjectConfigurationPlatforms) = postSolution
		{47ECD8EC-C6B2-45F4-92B8-05E9FA12D2BE}.Debug|Any CPU.ActiveCfg = Debug|Any CPU
		{47ECD8EC-C6B2-45F4-92B8-05E9FA12D2BE}.Debug|Any CPU.Build.0 = Debug|Any CPU
		{47ECD8EC-C6B2-45F4-92B8-05E9FA12D2BE}.Release|Any CPU.ActiveCfg = Release|Any CPU
		{47ECD8EC-C6B2-45F4-92B8-05E9FA12D2BE}.Release|Any CPU.Build.0 = Release|Any CPU
	EndGlobalSection
	GlobalSection(SolutionProperties) = preSolution
		HideSolutionNode = FALSE
	EndGlobalSection
	GlobalSection(ExtensibilityGlobals) = postSolution
		SolutionGuid = {97B1D763-E850-47F8-9C92-6A73CCF3363F}
	EndGlobalSection
EndGlobal
